{
  "name": "mgenware-tsconfig-browser",
  "version": "14.0.0",
  "lockfileVersion": 2,
  "requires": true,
  "packages": {
    "": {
      "name": "mgenware-tsconfig-browser",
      "version": "14.0.0",
      "license": "MIT",
      "dependencies": {
        "mgenware-tsconfig-node": "^14.3.0"
      }
    },
    "node_modules/mgenware-tsconfig-core": {
      "version": "14.0.0",
      "resolved": "https://registry.npmjs.org/mgenware-tsconfig-core/-/mgenware-tsconfig-core-14.0.0.tgz",
      "integrity": "sha512-l5fhTfBjnIRzjRoBVJmYq14Xu0DtuvqYH32DOj9l4RU274thEmF6e0oc0n3flXw6yi2pCxU8aFRZaQF807ZzsQ=="
    },
    "node_modules/mgenware-tsconfig-node": {
      "version": "14.3.0",
      "resolved": "https://registry.npmjs.org/mgenware-tsconfig-node/-/mgenware-tsconfig-node-14.3.0.tgz",
      "integrity": "sha512-t+SUuqobe2kBSpEWEJOo4+d4xJdxfRdahLUzPInrij5QGDuH2a/WlvSNo9Sohf0E3WApb+yuG0CDpX3mofkXWg==",
      "dependencies": {
        "mgenware-tsconfig-core": "^14.0.0"
      }
    }
  },
  "dependencies": {
    "mgenware-tsconfig-core": {
      "version": "14.0.0",
      "resolved": "https://registry.npmjs.org/mgenware-tsconfig-core/-/mgenware-tsconfig-core-14.0.0.tgz",
      "integrity": "sha512-l5fhTfBjnIRzjRoBVJmYq14Xu0DtuvqYH32DOj9l4RU274thEmF6e0oc0n3flXw6yi2pCxU8aFRZaQF807ZzsQ=="
    },
    "mgenware-tsconfig-node": {
      "version": "14.3.0",
      "resolved": "https://registry.npmjs.org/mgenware-tsconfig-node/-/mgenware-tsconfig-node-14.3.0.tgz",
      "integrity": "sha512-t+SUuqobe2kBSpEWEJOo4+d4xJdxfRdahLUzPInrij5QGDuH2a/WlvSNo9Sohf0E3WApb+yuG0CDpX3mofkXWg==",
      "requires": {
        "mgenware-tsconfig-core": "^14.0.0"
      }
    }
  }
}
