{
  "name": "mgenware-tsconfig-browser",
  "version": "18.0.0",
  "lockfileVersion": 2,
  "requires": true,
  "packages": {
    "": {
      "name": "mgenware-tsconfig-browser",
      "version": "18.0.0",
      "license": "MIT",
      "dependencies": {
        "mgenware-tsconfig-core": "^18.0.0"
      }
    },
    "node_modules/mgenware-tsconfig-core": {
      "version": "18.0.0",
      "resolved": "https://registry.npmjs.org/mgenware-tsconfig-core/-/mgenware-tsconfig-core-18.0.0.tgz",
      "integrity": "sha512-XvwAHDzeXy1Nyk5PaRhDaHbClNvM4d1ruU/0099XgRxNt5u28oTkRT93Dzmj7/dVUqulQBGvT0ZeUWleRtSm/Q=="
    }
  },
  "dependencies": {
    "mgenware-tsconfig-core": {
      "version": "18.0.0",
      "resolved": "https://registry.npmjs.org/mgenware-tsconfig-core/-/mgenware-tsconfig-core-18.0.0.tgz",
      "integrity": "sha512-XvwAHDzeXy1Nyk5PaRhDaHbClNvM4d1ruU/0099XgRxNt5u28oTkRT93Dzmj7/dVUqulQBGvT0ZeUWleRtSm/Q=="
    }
  }
}
