{
  "name": "mgenware-tsconfig-browser",
  "version": "14.0.0",
  "lockfileVersion": 2,
  "requires": true,
  "packages": {
    "": {
      "name": "mgenware-tsconfig-browser",
      "version": "14.0.0",
      "license": "MIT",
      "dependencies": {
        "mgenware-tsconfig-node": "^14.2.0"
      }
    },
    "node_modules/@tsconfig/node14": {
      "version": "1.0.1",
      "resolved": "https://registry.npmjs.org/@tsconfig/node14/-/node14-1.0.1.tgz",
      "integrity": "sha512-509r2+yARFfHHE7T6Puu2jjkoycftovhXRqW328PDXTVGKihlb1P8Z9mMZH04ebyajfRY7dedfGynlrFHJUQCg=="
    },
    "node_modules/mgenware-tsconfig-node": {
      "version": "14.2.0",
      "resolved": "https://registry.npmjs.org/mgenware-tsconfig-node/-/mgenware-tsconfig-node-14.2.0.tgz",
      "integrity": "sha512-OAH9Fz/e2Pq1QuS7gSLbx+festI1x7D5QYkCnGg3U2iAXBn4brKRwh2KSpu4GVPwhJI/eOjJvKtnu4i0ZnWk1A==",
      "dependencies": {
        "@tsconfig/node14": "^1.0.1"
      }
    }
  },
  "dependencies": {
    "@tsconfig/node14": {
      "version": "1.0.1",
      "resolved": "https://registry.npmjs.org/@tsconfig/node14/-/node14-1.0.1.tgz",
      "integrity": "sha512-509r2+yARFfHHE7T6Puu2jjkoycftovhXRqW328PDXTVGKihlb1P8Z9mMZH04ebyajfRY7dedfGynlrFHJUQCg=="
    },
    "mgenware-tsconfig-node": {
      "version": "14.2.0",
      "resolved": "https://registry.npmjs.org/mgenware-tsconfig-node/-/mgenware-tsconfig-node-14.2.0.tgz",
      "integrity": "sha512-OAH9Fz/e2Pq1QuS7gSLbx+festI1x7D5QYkCnGg3U2iAXBn4brKRwh2KSpu4GVPwhJI/eOjJvKtnu4i0ZnWk1A==",
      "requires": {
        "@tsconfig/node14": "^1.0.1"
      }
    }
  }
}
